// !$*UTF8*$!
{
	archiveVersion = 1;
	classes = {
	};
	objectVersion = 77;
	objects = {

/* Begin PBXBuildFile section */
		B94C23FB2D974191000004CC /* AppDelegate.swift in Sources */ = {isa = PBXBuildFile; fileRef = B94C23F12D974191000004CC /* AppDelegate.swift */; };
		B94C23FE2D974191000004CC /* Assets.xcassets in Resources */ = {isa = PBXBuildFile; fileRef = B94C23F22D974191000004CC /* Assets.xcassets */; };
		B94C24002D974191000004CC /* LaunchScreen.storyboard in Resources */ = {isa = PBXBuildFile; fileRef = B94C23F52D974191000004CC /* LaunchScreen.storyboard */; };
		B94C24042D9742AF000004CC /* GoogleGenerativeAI in Frameworks */ = {isa = PBXBuildFile; productRef = B94C24032D9742AF000004CC /* GoogleGenerativeAI */; };
		B94C240A2D9742C1000004CC /* DataProviderError.swift in Sources */ = {isa = PBXBuildFile; fileRef = B94C24052D9742C1000004CC /* DataProviderError.swift */; };
		B94C240B2D9742C1000004CC /* GenerativeAIProvider.swift in Sources */ = {isa = PBXBuildFile; fileRef = B94C24072D9742C1000004CC /* GenerativeAIProvider.swift */; };
		B94C240C2D9742C1000004CC /* MockDataProvider.swift in Sources */ = {isa = PBXBuildFile; fileRef = B94C24082D9742C1000004CC /* MockDataProvider.swift */; };
		B94C240D2D9742C1000004CC /* GeminiDataProvider.swift in Sources */ = {isa = PBXBuildFile; fileRef = B94C24062D9742C1000004CC /* GeminiDataProvider.swift */; };
		B94C241A2D986F68000004CC /* Colors.swift in Sources */ = {isa = PBXBuildFile; fileRef = B94C24172D986F68000004CC /* Colors.swift */; };
		B94C241B2D986F68000004CC /* Constants.swift in Sources */ = {isa = PBXBuildFile; fileRef = B94C24182D986F68000004CC /* Constants.swift */; };
		B94C241D2D986F9B000004CC /* OnboardingView.swift in Sources */ = {isa = PBXBuildFile; fileRef = B94C241C2D986F9B000004CC /* OnboardingView.swift */; };
		B94C241F2D986FD9000004CC /* InlineHeaderView.swift in Sources */ = {isa = PBXBuildFile; fileRef = B94C241E2D986FD9000004CC /* InlineHeaderView.swift */; };
		B94C24222D987051000004CC /* Fonts.swift in Sources */ = {isa = PBXBuildFile; fileRef = B94C24212D987051000004CC /* Fonts.swift */; };
		B94C24242D9872F1000004CC /* Localizable.xcstrings in Resources */ = {isa = PBXBuildFile; fileRef = B94C24232D9872F1000004CC /* Localizable.xcstrings */; };
		B94C24272D987864000004CC /* Buttons.swift in Sources */ = {isa = PBXBuildFile; fileRef = B94C24262D987864000004CC /* Buttons.swift */; };
		B94C24292D987A22000004CC /* OnboardingCoordinator.swift in Sources */ = {isa = PBXBuildFile; fileRef = B94C24282D987A22000004CC /* OnboardingCoordinator.swift */; };
		B94C242C2D987A94000004CC /* Coordinator.swift in Sources */ = {isa = PBXBuildFile; fileRef = B94C242B2D987A94000004CC /* Coordinator.swift */; };
		B94C24302D987B99000004CC /* RootCoordinator.swift in Sources */ = {isa = PBXBuildFile; fileRef = B94C242F2D987B99000004CC /* RootCoordinator.swift */; };
		B94C24342D987BE7000004CC /* CustomNavigationController.swift in Sources */ = {isa = PBXBuildFile; fileRef = B94C24332D987BE7000004CC /* CustomNavigationController.swift */; };
		B94C24362D987D0D000004CC /* UserDefault.swift in Sources */ = {isa = PBXBuildFile; fileRef = B94C24352D987D0D000004CC /* UserDefault.swift */; };
		B94C243D2D987E33000004CC /* JSONCacheResource.swift in Sources */ = {isa = PBXBuildFile; fileRef = B94C243B2D987E33000004CC /* JSONCacheResource.swift */; };
		B94C243E2D987E33000004CC /* JSONCache.swift in Sources */ = {isa = PBXBuildFile; fileRef = B94C24372D987E33000004CC /* JSONCache.swift */; };
		B94C243F2D987E33000004CC /* JSONCacheCollection.swift in Sources */ = {isa = PBXBuildFile; fileRef = B94C24392D987E33000004CC /* JSONCacheCollection.swift */; };
		B94C24402D987E33000004CC /* JSONCacheFolder.swift in Sources */ = {isa = PBXBuildFile; fileRef = B94C243A2D987E33000004CC /* JSONCacheFolder.swift */; };
		B94C24412D987E33000004CC /* JSONCache + Shared.swift in Sources */ = {isa = PBXBuildFile; fileRef = B94C24382D987E33000004CC /* JSONCache + Shared.swift */; };
		B94C24432D987ECA000004CC /* Collection+Extensions.swift in Sources */ = {isa = PBXBuildFile; fileRef = B94C24422D987ECA000004CC /* Collection+Extensions.swift */; };
/* End PBXBuildFile section */

/* Begin PBXFileReference section */
		B94C23C92D9740F1000004CC /* Daily Slip.app */ = {isa = PBXFileReference; explicitFileType = wrapper.application; includeInIndex = 0; path = "Daily Slip.app"; sourceTree = BUILT_PRODUCTS_DIR; };
		B94C23F12D974191000004CC /* AppDelegate.swift */ = {isa = PBXFileReference; lastKnownFileType = sourcecode.swift; path = AppDelegate.swift; sourceTree = "<group>"; };
		B94C23F22D974191000004CC /* Assets.xcassets */ = {isa = PBXFileReference; lastKnownFileType = folder.assetcatalog; path = Assets.xcassets; sourceTree = "<group>"; };
		B94C23F32D974191000004CC /* Info.plist */ = {isa = PBXFileReference; lastKnownFileType = text.plist.xml; path = Info.plist; sourceTree = "<group>"; };
		B94C23F42D974191000004CC /* Base */ = {isa = PBXFileReference; lastKnownFileType = file.storyboard; name = Base; path = Base.lproj/LaunchScreen.storyboard; sourceTree = "<group>"; };
		B94C24052D9742C1000004CC /* DataProviderError.swift */ = {isa = PBXFileReference; lastKnownFileType = sourcecode.swift; path = DataProviderError.swift; sourceTree = "<group>"; };
		B94C24062D9742C1000004CC /* GeminiDataProvider.swift */ = {isa = PBXFileReference; lastKnownFileType = sourcecode.swift; path = GeminiDataProvider.swift; sourceTree = "<group>"; };
		B94C24072D9742C1000004CC /* GenerativeAIProvider.swift */ = {isa = PBXFileReference; lastKnownFileType = sourcecode.swift; path = GenerativeAIProvider.swift; sourceTree = "<group>"; };
		B94C24082D9742C1000004CC /* MockDataProvider.swift */ = {isa = PBXFileReference; lastKnownFileType = sourcecode.swift; path = MockDataProvider.swift; sourceTree = "<group>"; };
		B94C24172D986F68000004CC /* Colors.swift */ = {isa = PBXFileReference; lastKnownFileType = sourcecode.swift; path = Colors.swift; sourceTree = "<group>"; };
		B94C24182D986F68000004CC /* Constants.swift */ = {isa = PBXFileReference; lastKnownFileType = sourcecode.swift; path = Constants.swift; sourceTree = "<group>"; };
		B94C241C2D986F9B000004CC /* OnboardingView.swift */ = {isa = PBXFileReference; lastKnownFileType = sourcecode.swift; path = OnboardingView.swift; sourceTree = "<group>"; };
		B94C241E2D986FD9000004CC /* InlineHeaderView.swift */ = {isa = PBXFileReference; lastKnownFileType = sourcecode.swift; path = InlineHeaderView.swift; sourceTree = "<group>"; };
		B94C24212D987051000004CC /* Fonts.swift */ = {isa = PBXFileReference; lastKnownFileType = sourcecode.swift; path = Fonts.swift; sourceTree = "<group>"; };
		B94C24232D9872F1000004CC /* Localizable.xcstrings */ = {isa = PBXFileReference; lastKnownFileType = text.json.xcstrings; path = Localizable.xcstrings; sourceTree = "<group>"; };
		B94C24262D987864000004CC /* Buttons.swift */ = {isa = PBXFileReference; lastKnownFileType = sourcecode.swift; path = Buttons.swift; sourceTree = "<group>"; };
		B94C24282D987A22000004CC /* OnboardingCoordinator.swift */ = {isa = PBXFileReference; lastKnownFileType = sourcecode.swift; path = OnboardingCoordinator.swift; sourceTree = "<group>"; };
		B94C242B2D987A94000004CC /* Coordinator.swift */ = {isa = PBXFileReference; lastKnownFileType = sourcecode.swift; path = Coordinator.swift; sourceTree = "<group>"; };
		B94C242F2D987B99000004CC /* RootCoordinator.swift */ = {isa = PBXFileReference; lastKnownFileType = sourcecode.swift; path = RootCoordinator.swift; sourceTree = "<group>"; };
		B94C24332D987BE7000004CC /* CustomNavigationController.swift */ = {isa = PBXFileReference; lastKnownFileType = sourcecode.swift; path = CustomNavigationController.swift; sourceTree = "<group>"; };
		B94C24352D987D0D000004CC /* UserDefault.swift */ = {isa = PBXFileReference; lastKnownFileType = sourcecode.swift; path = UserDefault.swift; sourceTree = "<group>"; };
		B94C24372D987E33000004CC /* JSONCache.swift */ = {isa = PBXFileReference; lastKnownFileType = sourcecode.swift; path = JSONCache.swift; sourceTree = "<group>"; };
		B94C24382D987E33000004CC /* JSONCache + Shared.swift */ = {isa = PBXFileReference; lastKnownFileType = sourcecode.swift; path = "JSONCache + Shared.swift"; sourceTree = "<group>"; };
		B94C24392D987E33000004CC /* JSONCacheCollection.swift */ = {isa = PBXFileReference; lastKnownFileType = sourcecode.swift; path = JSONCacheCollection.swift; sourceTree = "<group>"; };
		B94C243A2D987E33000004CC /* JSONCacheFolder.swift */ = {isa = PBXFileReference; lastKnownFileType = sourcecode.swift; path = JSONCacheFolder.swift; sourceTree = "<group>"; };
		B94C243B2D987E33000004CC /* JSONCacheResource.swift */ = {isa = PBXFileReference; lastKnownFileType = sourcecode.swift; path = JSONCacheResource.swift; sourceTree = "<group>"; };
		B94C24422D987ECA000004CC /* Collection+Extensions.swift */ = {isa = PBXFileReference; lastKnownFileType = sourcecode.swift; path = "Collection+Extensions.swift"; sourceTree = "<group>"; };
/* End PBXFileReference section */

/* Begin PBXFrameworksBuildPhase section */
		B94C23C62D9740F1000004CC /* Frameworks */ = {
			isa = PBXFrameworksBuildPhase;
			buildActionMask = 2147483647;
			files = (
				B94C24042D9742AF000004CC /* GoogleGenerativeAI in Frameworks */,
			);
			runOnlyForDeploymentPostprocessing = 0;
		};
/* End PBXFrameworksBuildPhase section */

/* Begin PBXGroup section */
		B94C23C02D9740F1000004CC = {
			isa = PBXGroup;
			children = (
				B94C23FA2D974191000004CC /* Daily Slip */,
				B94C23CA2D9740F1000004CC /* Products */,
			);
			sourceTree = "<group>";
		};
		B94C23CA2D9740F1000004CC /* Products */ = {
			isa = PBXGroup;
			children = (
				B94C23C92D9740F1000004CC /* Daily Slip.app */,
			);
			name = Products;
			sourceTree = "<group>";
		};
		B94C23FA2D974191000004CC /* Daily Slip */ = {
			isa = PBXGroup;
			children = (
				B94C23F12D974191000004CC /* AppDelegate.swift */,
				B94C24182D986F68000004CC /* Constants.swift */,
				B94C23F52D974191000004CC /* LaunchScreen.storyboard */,
				B94C242F2D987B99000004CC /* RootCoordinator.swift */,
				B94C242D2D987B33000004CC /* Onboarding */,
				B94C24092D9742C1000004CC /* DataProvider */,
				B94C24202D986FE5000004CC /* Components */,
				B94C24252D987307000004CC /* Resources */,
				B94C24192D986F68000004CC /* Utils */,
			);
			indentWidth = 2;
			path = "Daily Slip";
			sourceTree = "<group>";
			tabWidth = 2;
		};
		B94C24092D9742C1000004CC /* DataProvider */ = {
			isa = PBXGroup;
			children = (
				B94C24052D9742C1000004CC /* DataProviderError.swift */,
				B94C24062D9742C1000004CC /* GeminiDataProvider.swift */,
				B94C24072D9742C1000004CC /* GenerativeAIProvider.swift */,
				B94C24082D9742C1000004CC /* MockDataProvider.swift */,
			);
			path = DataProvider;
			sourceTree = "<group>";
		};
		B94C24192D986F68000004CC /* Utils */ = {
			isa = PBXGroup;
			children = (
				B94C24442D987ED0000004CC /* Foundation */,
				B94C243C2D987E33000004CC /* JSONCache */,
				B94C242A2D987A85000004CC /* UserInterface */,
				B94C24322D987BDE000004CC /* Navigation */,
			);
			path = Utils;
			sourceTree = "<group>";
		};
		B94C24202D986FE5000004CC /* Components */ = {
			isa = PBXGroup;
			children = (
				B94C241E2D986FD9000004CC /* InlineHeaderView.swift */,
				B94C24262D987864000004CC /* Buttons.swift */,
			);
			path = Components;
			sourceTree = "<group>";
		};
		B94C24252D987307000004CC /* Resources */ = {
			isa = PBXGroup;
			children = (
				B94C23F22D974191000004CC /* Assets.xcassets */,
				B94C23F32D974191000004CC /* Info.plist */,
				B94C24232D9872F1000004CC /* Localizable.xcstrings */,
			);
			path = Resources;
			sourceTree = "<group>";
		};
		B94C242A2D987A85000004CC /* UserInterface */ = {
			isa = PBXGroup;
			children = (
				B94C24172D986F68000004CC /* Colors.swift */,
				B94C24212D987051000004CC /* Fonts.swift */,
			);
			path = UserInterface;
			sourceTree = "<group>";
		};
		B94C242D2D987B33000004CC /* Onboarding */ = {
			isa = PBXGroup;
			children = (
				B94C24282D987A22000004CC /* OnboardingCoordinator.swift */,
				B94C241C2D986F9B000004CC /* OnboardingView.swift */,
			);
			path = Onboarding;
			sourceTree = "<group>";
		};
		B94C24322D987BDE000004CC /* Navigation */ = {
			isa = PBXGroup;
			children = (
				B94C242B2D987A94000004CC /* Coordinator.swift */,
				B94C24332D987BE7000004CC /* CustomNavigationController.swift */,
			);
			path = Navigation;
			sourceTree = "<group>";
		};
		B94C243C2D987E33000004CC /* JSONCache */ = {
			isa = PBXGroup;
			children = (
				B94C24372D987E33000004CC /* JSONCache.swift */,
				B94C24382D987E33000004CC /* JSONCache + Shared.swift */,
				B94C24392D987E33000004CC /* JSONCacheCollection.swift */,
				B94C243A2D987E33000004CC /* JSONCacheFolder.swift */,
				B94C243B2D987E33000004CC /* JSONCacheResource.swift */,
			);
			path = JSONCache;
			sourceTree = "<group>";
		};
		B94C24442D987ED0000004CC /* Foundation */ = {
			isa = PBXGroup;
			children = (
				B94C24352D987D0D000004CC /* UserDefault.swift */,
				B94C24422D987ECA000004CC /* Collection+Extensions.swift */,
			);
			path = Foundation;
			sourceTree = "<group>";
		};
/* End PBXGroup section */

/* Begin PBXNativeTarget section */
		B94C23C82D9740F1000004CC /* Daily Slip */ = {
			isa = PBXNativeTarget;
			buildConfigurationList = B94C23DC2D9740F2000004CC /* Build configuration list for PBXNativeTarget "Daily Slip" */;
			buildPhases = (
				B94C23C52D9740F1000004CC /* Sources */,
				B94C23C62D9740F1000004CC /* Frameworks */,
				B94C23C72D9740F1000004CC /* Resources */,
			);
			buildRules = (
			);
			dependencies = (
			);
			name = "Daily Slip";
			packageProductDependencies = (
				B94C24032D9742AF000004CC /* GoogleGenerativeAI */,
			);
			productName = "Daily Slip";
			productReference = B94C23C92D9740F1000004CC /* Daily Slip.app */;
			productType = "com.apple.product-type.application";
		};
/* End PBXNativeTarget section */

/* Begin PBXProject section */
		B94C23C12D9740F1000004CC /* Project object */ = {
			isa = PBXProject;
			attributes = {
				BuildIndependentTargetsInParallel = 1;
				LastSwiftUpdateCheck = 1620;
				LastUpgradeCheck = 1620;
				TargetAttributes = {
					B94C23C82D9740F1000004CC = {
						CreatedOnToolsVersion = 16.2;
					};
				};
			};
			buildConfigurationList = B94C23C42D9740F1000004CC /* Build configuration list for PBXProject "Daily Slip" */;
			developmentRegion = en;
			hasScannedForEncodings = 0;
			knownRegions = (
				en,
				Base,
				it,
			);
			mainGroup = B94C23C02D9740F1000004CC;
			minimizedProjectReferenceProxies = 1;
			packageReferences = (
				B94C24022D9742AF000004CC /* XCRemoteSwiftPackageReference "generative-ai-swift" */,
			);
			preferredProjectObjectVersion = 77;
			productRefGroup = B94C23CA2D9740F1000004CC /* Products */;
			projectDirPath = "";
			projectRoot = "";
			targets = (
				B94C23C82D9740F1000004CC /* Daily Slip */,
			);
		};
/* End PBXProject section */

/* Begin PBXResourcesBuildPhase section */
		B94C23C72D9740F1000004CC /* Resources */ = {
			isa = PBXResourcesBuildPhase;
			buildActionMask = 2147483647;
			files = (
				B94C23FE2D974191000004CC /* Assets.xcassets in Resources */,
				B94C24002D974191000004CC /* LaunchScreen.storyboard in Resources */,
				B94C24242D9872F1000004CC /* Localizable.xcstrings in Resources */,
			);
			runOnlyForDeploymentPostprocessing = 0;
		};
/* End PBXResourcesBuildPhase section */

/* Begin PBXSourcesBuildPhase section */
		B94C23C52D9740F1000004CC /* Sources */ = {
			isa = PBXSourcesBuildPhase;
			buildActionMask = 2147483647;
			files = (
				B94C243D2D987E33000004CC /* JSONCacheResource.swift in Sources */,
				B94C243E2D987E33000004CC /* JSONCache.swift in Sources */,
				B94C243F2D987E33000004CC /* JSONCacheCollection.swift in Sources */,
				B94C24432D987ECA000004CC /* Collection+Extensions.swift in Sources */,
				B94C24402D987E33000004CC /* JSONCacheFolder.swift in Sources */,
				B94C24412D987E33000004CC /* JSONCache + Shared.swift in Sources */,
				B94C24362D987D0D000004CC /* UserDefault.swift in Sources */,
				B94C23FB2D974191000004CC /* AppDelegate.swift in Sources */,
				B94C241A2D986F68000004CC /* Colors.swift in Sources */,
				B94C241B2D986F68000004CC /* Constants.swift in Sources */,
				B94C24292D987A22000004CC /* OnboardingCoordinator.swift in Sources */,
				B94C24342D987BE7000004CC /* CustomNavigationController.swift in Sources */,
				B94C24272D987864000004CC /* Buttons.swift in Sources */,
				B94C241D2D986F9B000004CC /* OnboardingView.swift in Sources */,
				B94C242C2D987A94000004CC /* Coordinator.swift in Sources */,
				B94C24302D987B99000004CC /* RootCoordinator.swift in Sources */,
				B94C240A2D9742C1000004CC /* DataProviderError.swift in Sources */,
				B94C241F2D986FD9000004CC /* InlineHeaderView.swift in Sources */,
				B94C240B2D9742C1000004CC /* GenerativeAIProvider.swift in Sources */,
				B94C24222D987051000004CC /* Fonts.swift in Sources */,
				B94C240C2D9742C1000004CC /* MockDataProvider.swift in Sources */,
				B94C240D2D9742C1000004CC /* GeminiDataProvider.swift in Sources */,
			);
			runOnlyForDeploymentPostprocessing = 0;
		};
/* End PBXSourcesBuildPhase section */

/* Begin PBXVariantGroup section */
		B94C23F52D974191000004CC /* LaunchScreen.storyboard */ = {
			isa = PBXVariantGroup;
			children = (
				B94C23F42D974191000004CC /* Base */,
			);
			name = LaunchScreen.storyboard;
			sourceTree = "<group>";
		};
/* End PBXVariantGroup section */

/* Begin XCBuildConfiguration section */
		B94C23DD2D9740F2000004CC /* Debug */ = {
			isa = XCBuildConfiguration;
			buildSettings = {
				ASSETCATALOG_COMPILER_APPICON_NAME = AppIcon;
				ASSETCATALOG_COMPILER_GLOBAL_ACCENT_COLOR_NAME = AccentColor;
				CODE_SIGN_STYLE = Automatic;
				CURRENT_PROJECT_VERSION = 1;
				GENERATE_INFOPLIST_FILE = YES;
				INFOPLIST_FILE = "Daily Slip/Resources/Info.plist";
				INFOPLIST_KEY_UIApplicationSupportsIndirectInputEvents = YES;
				INFOPLIST_KEY_UILaunchStoryboardName = LaunchScreen;
				INFOPLIST_KEY_UISupportedInterfaceOrientations_iPad = "UIInterfaceOrientationPortrait UIInterfaceOrientationPortraitUpsideDown UIInterfaceOrientationLandscapeLeft UIInterfaceOrientationLandscapeRight";
				INFOPLIST_KEY_UISupportedInterfaceOrientations_iPhone = "UIInterfaceOrientationPortrait UIInterfaceOrientationLandscapeLeft UIInterfaceOrientationLandscapeRight";
				LD_RUNPATH_SEARCH_PATHS = (
					"$(inherited)",
					"@executable_path/Frameworks",
				);
				MARKETING_VERSION = 1.0;
				PRODUCT_BUNDLE_IDENTIFIER = "com.sergiucorbu.Daily-Slip";
				PRODUCT_NAME = "$(TARGET_NAME)";
				SWIFT_EMIT_LOC_STRINGS = YES;
				SWIFT_VERSION = 5.0;
				TARGETED_DEVICE_FAMILY = "1,2";
			};
			name = Debug;
		};
		B94C23DE2D9740F2000004CC /* Release */ = {
			isa = XCBuildConfiguration;
			buildSettings = {
				ASSETCATALOG_COMPILER_APPICON_NAME = AppIcon;
				ASSETCATALOG_COMPILER_GLOBAL_ACCENT_COLOR_NAME = AccentColor;
				CODE_SIGN_STYLE = Automatic;
				CURRENT_PROJECT_VERSION = 1;
				GENERATE_INFOPLIST_FILE = YES;
				INFOPLIST_FILE = "Daily Slip/Resources/Info.plist";
				INFOPLIST_KEY_UIApplicationSupportsIndirectInputEvents = YES;
				INFOPLIST_KEY_UILaunchStoryboardName = LaunchScreen;
				INFOPLIST_KEY_UISupportedInterfaceOrientations_iPad = "UIInterfaceOrientationPortrait UIInterfaceOrientationPortraitUpsideDown UIInterfaceOrientationLandscapeLeft UIInterfaceOrientationLandscapeRight";
				INFOPLIST_KEY_UISupportedInterfaceOrientations_iPhone = "UIInterfaceOrientationPortrait UIInterfaceOrientationLandscapeLeft UIInterfaceOrientationLandscapeRight";
				LD_RUNPATH_SEARCH_PATHS = (
					"$(inherited)",
					"@executable_path/Frameworks",
				);
				MARKETING_VERSION = 1.0;
				PRODUCT_BUNDLE_IDENTIFIER = "com.sergiucorbu.Daily-Slip";
				PRODUCT_NAME = "$(TARGET_NAME)";
				SWIFT_EMIT_LOC_STRINGS = YES;
				SWIFT_VERSION = 5.0;
				TARGETED_DEVICE_FAMILY = "1,2";
			};
			name = Release;
		};
		B94C23DF2D9740F2000004CC /* Debug */ = {
			isa = XCBuildConfiguration;
			buildSettings = {
				ALWAYS_SEARCH_USER_PATHS = NO;
				ASSETCATALOG_COMPILER_GENERATE_SWIFT_ASSET_SYMBOL_EXTENSIONS = YES;
				CLANG_ANALYZER_NONNULL = YES;
				CLANG_ANALYZER_NUMBER_OBJECT_CONVERSION = YES_AGGRESSIVE;
				CLANG_CXX_LANGUAGE_STANDARD = "gnu++20";
				CLANG_ENABLE_MODULES = YES;
				CLANG_ENABLE_OBJC_ARC = YES;
				CLANG_ENABLE_OBJC_WEAK = YES;
				CLANG_WARN_BLOCK_CAPTURE_AUTORELEASING = YES;
				CLANG_WARN_BOOL_CONVERSION = YES;
				CLANG_WARN_COMMA = YES;
				CLANG_WARN_CONSTANT_CONVERSION = YES;
				CLANG_WARN_DEPRECATED_OBJC_IMPLEMENTATIONS = YES;
				CLANG_WARN_DIRECT_OBJC_ISA_USAGE = YES_ERROR;
				CLANG_WARN_DOCUMENTATION_COMMENTS = YES;
				CLANG_WARN_EMPTY_BODY = YES;
				CLANG_WARN_ENUM_CONVERSION = YES;
				CLANG_WARN_INFINITE_RECURSION = YES;
				CLANG_WARN_INT_CONVERSION = YES;
				CLANG_WARN_NON_LITERAL_NULL_CONVERSION = YES;
				CLANG_WARN_OBJC_IMPLICIT_RETAIN_SELF = YES;
				CLANG_WARN_OBJC_LITERAL_CONVERSION = YES;
				CLANG_WARN_OBJC_ROOT_CLASS = YES_ERROR;
				CLANG_WARN_QUOTED_INCLUDE_IN_FRAMEWORK_HEADER = YES;
				CLANG_WARN_RANGE_LOOP_ANALYSIS = YES;
				CLANG_WARN_STRICT_PROTOTYPES = YES;
				CLANG_WARN_SUSPICIOUS_MOVE = YES;
				CLANG_WARN_UNGUARDED_AVAILABILITY = YES_AGGRESSIVE;
				CLANG_WARN_UNREACHABLE_CODE = YES;
				CLANG_WARN__DUPLICATE_METHOD_MATCH = YES;
				COPY_PHASE_STRIP = NO;
				DEBUG_INFORMATION_FORMAT = dwarf;
				ENABLE_STRICT_OBJC_MSGSEND = YES;
				ENABLE_TESTABILITY = YES;
				ENABLE_USER_SCRIPT_SANDBOXING = YES;
				GCC_C_LANGUAGE_STANDARD = gnu17;
				GCC_DYNAMIC_NO_PIC = NO;
				GCC_NO_COMMON_BLOCKS = YES;
				GCC_OPTIMIZATION_LEVEL = 0;
				GCC_PREPROCESSOR_DEFINITIONS = (
					"DEBUG=1",
					"$(inherited)",
				);
				GCC_WARN_64_TO_32_BIT_CONVERSION = YES;
				GCC_WARN_ABOUT_RETURN_TYPE = YES_ERROR;
				GCC_WARN_UNDECLARED_SELECTOR = YES;
				GCC_WARN_UNINITIALIZED_AUTOS = YES_AGGRESSIVE;
				GCC_WARN_UNUSED_FUNCTION = YES;
				GCC_WARN_UNUSED_VARIABLE = YES;
				IPHONEOS_DEPLOYMENT_TARGET = 18.2;
				LOCALIZATION_PREFERS_STRING_CATALOGS = YES;
				MTL_ENABLE_DEBUG_INFO = INCLUDE_SOURCE;
				MTL_FAST_MATH = YES;
				ONLY_ACTIVE_ARCH = YES;
				SDKROOT = iphoneos;
				SWIFT_ACTIVE_COMPILATION_CONDITIONS = "DEBUG $(inherited)";
				SWIFT_EMIT_LOC_STRINGS = YES;
				SWIFT_OPTIMIZATION_LEVEL = "-Onone";
			};
			name = Debug;
		};
		B94C23E02D9740F2000004CC /* Release */ = {
			isa = XCBuildConfiguration;
			buildSettings = {
				ALWAYS_SEARCH_USER_PATHS = NO;
				ASSETCATALOG_COMPILER_GENERATE_SWIFT_ASSET_SYMBOL_EXTENSIONS = YES;
				CLANG_ANALYZER_NONNULL = YES;
				CLANG_ANALYZER_NUMBER_OBJECT_CONVERSION = YES_AGGRESSIVE;
				CLANG_CXX_LANGUAGE_STANDARD = "gnu++20";
				CLANG_ENABLE_MODULES = YES;
				CLANG_ENABLE_OBJC_ARC = YES;
				CLANG_ENABLE_OBJC_WEAK = YES;
				CLANG_WARN_BLOCK_CAPTURE_AUTORELEASING = YES;
				CLANG_WARN_BOOL_CONVERSION = YES;
				CLANG_WARN_COMMA = YES;
				CLANG_WARN_CONSTANT_CONVERSION = YES;
				CLANG_WARN_DEPRECATED_OBJC_IMPLEMENTATIONS = YES;
				CLANG_WARN_DIRECT_OBJC_ISA_USAGE = YES_ERROR;
				CLANG_WARN_DOCUMENTATION_COMMENTS = YES;
				CLANG_WARN_EMPTY_BODY = YES;
				CLANG_WARN_ENUM_CONVERSION = YES;
				CLANG_WARN_INFINITE_RECURSION = YES;
				CLANG_WARN_INT_CONVERSION = YES;
				CLANG_WARN_NON_LITERAL_NULL_CONVERSION = YES;
				CLANG_WARN_OBJC_IMPLICIT_RETAIN_SELF = YES;
				CLANG_WARN_OBJC_LITERAL_CONVERSION = YES;
				CLANG_WARN_OBJC_ROOT_CLASS = YES_ERROR;
				CLANG_WARN_QUOTED_INCLUDE_IN_FRAMEWORK_HEADER = YES;
				CLANG_WARN_RANGE_LOOP_ANALYSIS = YES;
				CLANG_WARN_STRICT_PROTOTYPES = YES;
				CLANG_WARN_SUSPICIOUS_MOVE = YES;
				CLANG_WARN_UNGUARDED_AVAILABILITY = YES_AGGRESSIVE;
				CLANG_WARN_UNREACHABLE_CODE = YES;
				CLANG_WARN__DUPLICATE_METHOD_MATCH = YES;
				COPY_PHASE_STRIP = NO;
				DEBUG_INFORMATION_FORMAT = "dwarf-with-dsym";
				ENABLE_NS_ASSERTIONS = NO;
				ENABLE_STRICT_OBJC_MSGSEND = YES;
				ENABLE_USER_SCRIPT_SANDBOXING = YES;
				GCC_C_LANGUAGE_STANDARD = gnu17;
				GCC_NO_COMMON_BLOCKS = YES;
				GCC_WARN_64_TO_32_BIT_CONVERSION = YES;
				GCC_WARN_ABOUT_RETURN_TYPE = YES_ERROR;
				GCC_WARN_UNDECLARED_SELECTOR = YES;
				GCC_WARN_UNINITIALIZED_AUTOS = YES_AGGRESSIVE;
				GCC_WARN_UNUSED_FUNCTION = YES;
				GCC_WARN_UNUSED_VARIABLE = YES;
				IPHONEOS_DEPLOYMENT_TARGET = 18.2;
				LOCALIZATION_PREFERS_STRING_CATALOGS = YES;
				MTL_ENABLE_DEBUG_INFO = NO;
				MTL_FAST_MATH = YES;
				SDKROOT = iphoneos;
				SWIFT_COMPILATION_MODE = wholemodule;
				SWIFT_EMIT_LOC_STRINGS = YES;
				VALIDATE_PRODUCT = YES;
			};
			name = Release;
		};
/* End XCBuildConfiguration section */

/* Begin XCConfigurationList section */
		B94C23C42D9740F1000004CC /* Build configuration list for PBXProject "Daily Slip" */ = {
			isa = XCConfigurationList;
			buildConfigurations = (
				B94C23DF2D9740F2000004CC /* Debug */,
				B94C23E02D9740F2000004CC /* Release */,
			);
			defaultConfigurationIsVisible = 0;
			defaultConfigurationName = Release;
		};
		B94C23DC2D9740F2000004CC /* Build configuration list for PBXNativeTarget "Daily Slip" */ = {
			isa = XCConfigurationList;
			buildConfigurations = (
				B94C23DD2D9740F2000004CC /* Debug */,
				B94C23DE2D9740F2000004CC /* Release */,
			);
			defaultConfigurationIsVisible = 0;
			defaultConfigurationName = Release;
		};
/* End XCConfigurationList section */

/* Begin XCRemoteSwiftPackageReference section */
		B94C24022D9742AF000004CC /* XCRemoteSwiftPackageReference "generative-ai-swift" */ = {
			isa = XCRemoteSwiftPackageReference;
			repositoryURL = "https://github.com/google-gemini/generative-ai-swift";
			requirement = {
				kind = upToNextMajorVersion;
				minimumVersion = 0.5.6;
			};
		};
/* End XCRemoteSwiftPackageReference section */

/* Begin XCSwiftPackageProductDependency section */
		B94C24032D9742AF000004CC /* GoogleGenerativeAI */ = {
			isa = XCSwiftPackageProductDependency;
			package = B94C24022D9742AF000004CC /* XCRemoteSwiftPackageReference "generative-ai-swift" */;
			productName = GoogleGenerativeAI;
		};
/* End XCSwiftPackageProductDependency section */
	};
	rootObject = B94C23C12D9740F1000004CC /* Project object */;
}
